
Microsoft Visual Studio Solution File, Format Version 12.00
# Visual Studio 15
VisualStudioVersion = 15.0.28307.438
MinimumVisualStudioVersion = 10.0.40219.1
Project("{FAE04EC0-301F-11D3-BF4B-00C04F79EFBC}") = "VererbungUndProperties", "VererbungUndProperties\VererbungUndProperties.csproj", "{47747BF7-3D9D-43A3-BCF0-3F4C13D24AE5}"
EndProject
Global
	GlobalSection(SolutionConfigurationPlatforms) = preSolution
		Debug|Any CPU = Debug|Any CPU
		Release|Any CPU = Release|Any CPU
	EndGlobalSection
	GlobalSection(ProjectConfigurationPlatforms) = postSolution
		{47747BF7-3D9D-43A3-BCF0-3F4C13D24AE5}.Debug|Any CPU.ActiveCfg = Debug|Any CPU
		{47747BF7-3D9D-43A3-BCF0-3F4C13D24AE5}.Debug|Any CPU.Build.0 = Debug|Any CPU
		{47747BF7-3D9D-43A3-BCF0-3F4C13D24AE5}.Release|Any CPU.ActiveCfg = Release|Any CPU
		{47747BF7-3D9D-43A3-BCF0-3F4C13D24AE5}.Release|Any CPU.Build.0 = Release|Any CPU
	EndGlobalSection
	GlobalSection(SolutionProperties) = preSolution
		HideSolutionNode = FALSE
	EndGlobalSection
	GlobalSection(ExtensibilityGlobals) = postSolution
		SolutionGuid = {55D3DFEE-B9A4-4341-B286-42FF206EAE5F}
	EndGlobalSection
EndGlobal
